Microsoft Visual Studio Solution File, Format Version 12.00
# Visual Studio Version 16
VisualStudioVersion = 16.0.30907.101
MinimumVisualStudioVersion = 10.0.40219.1
Project("{9A19103F-16F7-4668-BE54-9A1E7A4F7556}") = "Assignment1-DP", "Assignment1\Assignment1-DP.csproj", "{F3D38D4D-7D06-4A2D-A987-F7E20D9B17ED}"
EndProject
Global
	GlobalSection(SolutionConfigurationPlatforms) = preSolution
		Debug|Any CPU = Debug|Any CPU
		Release|Any CPU = Release|Any CPU
	EndGlobalSection
	GlobalSection(ProjectConfigurationPlatforms) = postSolution
		{F3D38D4D-7D06-4A2D-A987-F7E20D9B17ED}.Debug|Any CPU.ActiveCfg = Debug|Any CPU
		{F3D38D4D-7D06-4A2D-A987-F7E20D9B17ED}.Debug|Any CPU.Build.0 = Debug|Any CPU
		{F3D38D4D-7D06-4A2D-A987-F7E20D9B17ED}.Release|Any CPU.ActiveCfg = Release|Any CPU
		{F3D38D4D-7D06-4A2D-A987-F7E20D9B17ED}.Release|Any CPU.Build.0 = Release|Any CPU
	EndGlobalSection
	GlobalSection(SolutionProperties) = preSolution
		HideSolutionNode = FALSE
	EndGlobalSection
	GlobalSection(ExtensibilityGlobals) = postSolution
		SolutionGuid = {64C43D55-8EB1-43E9-9220-E34D32C273B9}
	EndGlobalSection
EndGlobal
